// !$*UTF8*$!
{
	archiveVersion = 1;
	classes = {
	};
	objectVersion = 77;
	objects = {

/* Begin PBXContainerItemProxy section */
		BB4CCCEB2F2B2A86004CAEE1 /* PBXContainerItemProxy */ = {
			isa = PBXContainerItemProxy;
			containerPortal = BB4CCCD52F2B2A85004CAEE1 /* Project object */;
			proxyType = 1;
			remoteGlobalIDString = BB4CCCDC2F2B2A85004CAEE1;
			remoteInfo = "flash-card";
		};
		BB4CCCF52F2B2A86004CAEE1 /* PBXContainerItemProxy */ = {
			isa = PBXContainerItemProxy;
			containerPortal = BB4CCCD52F2B2A85004CAEE1 /* Project object */;
			proxyType = 1;
			remoteGlobalIDString = BB4CCCDC2F2B2A85004CAEE1;
			remoteInfo = "flash-card";
		};
/* End PBXContainerItemProxy section */

/* Begin PBXFileReference section */
		BB4CCCDD2F2B2A85004CAEE1 /* flash-card.app */ = {isa = PBXFileReference; explicitFileType = wrapper.application; includeInIndex = 0; path = "flash-card.app"; sourceTree = BUILT_PRODUCTS_DIR; };
		BB4CCCEA2F2B2A86004CAEE1 /* flash-cardTests.xctest */ = {isa = PBXFileReference; explicitFileType = wrapper.cfbundle; includeInIndex = 0; path = "flash-cardTests.xctest"; sourceTree = BUILT_PRODUCTS_DIR; };
		BB4CCCF42F2B2A86004CAEE1 /* flash-cardUITests.xctest */ = {isa = PBXFileReference; explicitFileType = wrapper.cfbundle; includeInIndex = 0; path = "flash-cardUITests.xctest"; sourceTree = BUILT_PRODUCTS_DIR; };
/* End PBXFileReference section */

/* Begin PBXFileSystemSynchronizedRootGroup section */
		BB4CCCDF2F2B2A85004CAEE1 /* flash-card */ = {
			isa = PBXFileSystemSynchronizedRootGroup;
			path = "flash-card";
			sourceTree = "<group>";
		};
		BB4CCCED2F2B2A86004CAEE1 /* flash-cardTests */ = {
			isa = PBXFileSystemSynchronizedRootGroup;
			path = "flash-cardTests";
			sourceTree = "<group>";
		};
		BB4CCCF72F2B2A86004CAEE1 /* flash-cardUITests */ = {
			isa = PBXFileSystemSynchronizedRootGroup;
			path = "flash-cardUITests";
			sourceTree = "<group>";
		};
/* End PBXFileSystemSynchronizedRootGroup section */

/* Begin PBXFrameworksBuildPhase section */
		BB4CCCDA2F2B2A85004CAEE1 /* Frameworks */ = {
			isa = PBXFrameworksBuildPhase;
			buildActionMask = 2147483647;
			files = (
			);
			runOnlyForDeploymentPostprocessing = 0;
		};
		BB4CCCE72F2B2A86004CAEE1 /* Frameworks */ = {
			isa = PBXFrameworksBuildPhase;
			buildActionMask = 2147483647;
			files = (
			);
			runOnlyForDeploymentPostprocessing = 0;
		};
		BB4CCCF12F2B2A86004CAEE1 /* Frameworks */ = {
			isa = PBXFrameworksBuildPhase;
			buildActionMask = 2147483647;
			files = (
			);
			runOnlyForDeploymentPostprocessing = 0;
		};
/* End PBXFrameworksBuildPhase section */

/* Begin PBXGroup section */
		BB4CCCD42F2B2A85004CAEE1 = {
			isa = PBXGroup;
			children = (
				BB4CCCDF2F2B2A85004CAEE1 /* flash-card */,
				BB4CCCED2F2B2A86004CAEE1 /* flash-cardTests */,
				BB4CCCF72F2B2A86004CAEE1 /* flash-cardUITests */,
				BB4CCCDE2F2B2A85004CAEE1 /* Products */,
			);
			sourceTree = "<group>";
		};
		BB4CCCDE2F2B2A85004CAEE1 /* Products */ = {
			isa = PBXGroup;
			children = (
				BB4CCCDD2F2B2A85004CAEE1 /* flash-card.app */,
				BB4CCCEA2F2B2A86004CAEE1 /* flash-cardTests.xctest */,
				BB4CCCF42F2B2A86004CAEE1 /* flash-cardUITests.xctest */,
			);
			name = Products;
			sourceTree = "<group>";
		};
/* End PBXGroup section */

/* Begin PBXNativeTarget section */
		BB4CCCDC2F2B2A85004CAEE1 /* flash-card */ = {
			isa = PBXNativeTarget;
			buildConfigurationList = BB4CCCFE2F2B2A86004CAEE1 /* Build configuration list for PBXNativeTarget "flash-card" */;
			buildPhases = (
				BB4CCCD92F2B2A85004CAEE1 /* Sources */,
				BB4CCCDA2F2B2A85004CAEE1 /* Frameworks */,
				BB4CCCDB2F2B2A85004CAEE1 /* Resources */,
			);
			buildRules = (
			);
			dependencies = (
			);
			fileSystemSynchronizedGroups = (
				BB4CCCDF2F2B2A85004CAEE1 /* flash-card */,
			);
			name = "flash-card";
			packageProductDependencies = (
			);
			productName = "flash-card";
			productReference = BB4CCCDD2F2B2A85004CAEE1 /* flash-card.app */;
			productType = "com.apple.product-type.application";
		};
		BB4CCCE92F2B2A86004CAEE1 /* flash-cardTests */ = {
			isa = PBXNativeTarget;
			buildConfigurationList = BB4CCD012F2B2A86004CAEE1 /* Build configuration list for PBXNativeTarget "flash-cardTests" */;
			buildPhases = (
				BB4CCCE62F2B2A86004CAEE1 /* Sources */,
				BB4CCCE72F2B2A86004CAEE1 /* Frameworks */,
				BB4CCCE82F2B2A86004CAEE1 /* Resources */,
			);
			buildRules = (
			);
			dependencies = (
				BB4CCCEC2F2B2A86004CAEE1 /* PBXTargetDependency */,
			);
			fileSystemSynchronizedGroups = (
				BB4CCCED2F2B2A86004CAEE1 /* flash-cardTests */,
			);
			name = "flash-cardTests";
			packageProductDependencies = (
			);
			productName = "flash-cardTests";
			productReference = BB4CCCEA2F2B2A86004CAEE1 /* flash-cardTests.xctest */;
			productType = "com.apple.product-type.bundle.unit-test";
		};
		BB4CCCF32F2B2A86004CAEE1 /* flash-cardUITests */ = {
			isa = PBXNativeTarget;
			buildConfigurationList = BB4CCD042F2B2A86004CAEE1 /* Build configuration list for PBXNativeTarget "flash-cardUITests" */;
			buildPhases = (
				BB4CCCF02F2B2A86004CAEE1 /* Sources */,
				BB4CCCF12F2B2A86004CAEE1 /* Frameworks */,
				BB4CCCF22F2B2A86004CAEE1 /* Resources */,
			);
			buildRules = (
			);
			dependencies = (
				BB4CCCF62F2B2A86004CAEE1 /* PBXTargetDependency */,
			);
			fileSystemSynchronizedGroups = (
				BB4CCCF72F2B2A86004CAEE1 /* flash-cardUITests */,
			);
			name = "flash-cardUITests";
			packageProductDependencies = (
			);
			productName = "flash-cardUITests";
			productReference = BB4CCCF42F2B2A86004CAEE1 /* flash-cardUITests.xctest */;
			productType = "com.apple.product-type.bundle.ui-testing";
		};
/* End PBXNativeTarget section */

/* Begin PBXProject section */
		BB4CCCD52F2B2A85004CAEE1 /* Project object */ = {
			isa = PBXProject;
			attributes = {
				BuildIndependentTargetsInParallel = 1;
				LastSwiftUpdateCheck = 2620;
				LastUpgradeCheck = 2620;
				TargetAttributes = {
					BB4CCCDC2F2B2A85004CAEE1 = {
						CreatedOnToolsVersion = 26.2;
					};
					BB4CCCE92F2B2A86004CAEE1 = {
						CreatedOnToolsVersion = 26.2;
						TestTargetID = BB4CCCDC2F2B2A85004CAEE1;
					};
					BB4CCCF32F2B2A86004CAEE1 = {
						CreatedOnToolsVersion = 26.2;
						TestTargetID = BB4CCCDC2F2B2A85004CAEE1;
					};
				};
			};
			buildConfigurationList = BB4CCCD82F2B2A85004CAEE1 /* Build configuration list for PBXProject "flash-card" */;
			developmentRegion = en;
			hasScannedForEncodings = 0;
			knownRegions = (
				en,
				Base,
			);
			mainGroup = BB4CCCD42F2B2A85004CAEE1;
			minimizedProjectReferenceProxies = 1;
			preferredProjectObjectVersion = 77;
			productRefGroup = BB4CCCDE2F2B2A85004CAEE1 /* Products */;
			projectDirPath = "";
			projectRoot = "";
			targets = (
				BB4CCCDC2F2B2A85004CAEE1 /* flash-card */,
				BB4CCCE92F2B2A86004CAEE1 /* flash-cardTests */,
				BB4CCCF32F2B2A86004CAEE1 /* flash-cardUITests */,
			);
		};
/* End PBXProject section */

/* Begin PBXResourcesBuildPhase section */
		BB4CCCDB2F2B2A85004CAEE1 /* Resources */ = {
			isa = PBXResourcesBuildPhase;
			buildActionMask = 2147483647;
			files = (
			);
			runOnlyForDeploymentPostprocessing = 0;
		};
		BB4CCCE82F2B2A86004CAEE1 /* Resources */ = {
			isa = PBXResourcesBuildPhase;
			buildActionMask = 2147483647;
			files = (
			);
			runOnlyForDeploymentPostprocessing = 0;
		};
		BB4CCCF22F2B2A86004CAEE1 /* Resources */ = {
			isa = PBXResourcesBuildPhase;
			buildActionMask = 2147483647;
			files = (
			);
			runOnlyForDeploymentPostprocessing = 0;
		};
/* End PBXResourcesBuildPhase section */

/* Begin PBXSourcesBuildPhase section */
		BB4CCCD92F2B2A85004CAEE1 /* Sources */ = {
			isa = PBXSourcesBuildPhase;
			buildActionMask = 2147483647;
			files = (
			);
			runOnlyForDeploymentPostprocessing = 0;
		};
		BB4CCCE62F2B2A86004CAEE1 /* Sources */ = {
			isa = PBXSourcesBuildPhase;
			buildActionMask = 2147483647;
			files = (
			);
			runOnlyForDeploymentPostprocessing = 0;
		};
		BB4CCCF02F2B2A86004CAEE1 /* Sources */ = {
			isa = PBXSourcesBuildPhase;
			buildActionMask = 2147483647;
			files = (
			);
			runOnlyForDeploymentPostprocessing = 0;
		};
/* End PBXSourcesBuildPhase section */

/* Begin PBXTargetDependency section */
		BB4CCCEC2F2B2A86004CAEE1 /* PBXTargetDependency */ = {
			isa = PBXTargetDependency;
			target = BB4CCCDC2F2B2A85004CAEE1 /* flash-card */;
			targetProxy = BB4CCCEB2F2B2A86004CAEE1 /* PBXContainerItemProxy */;
		};
		BB4CCCF62F2B2A86004CAEE1 /* PBXTargetDependency */ = {
			isa = PBXTargetDependency;
			target = BB4CCCDC2F2B2A85004CAEE1 /* flash-card */;
			targetProxy = BB4CCCF52F2B2A86004CAEE1 /* PBXContainerItemProxy */;
		};
/* End PBXTargetDependency section */

/* Begin XCBuildConfiguration section */
		BB4CCCFC2F2B2A86004CAEE1 /* Debug */ = {
			isa = XCBuildConfiguration;
			buildSettings = {
				ALWAYS_SEARCH_USER_PATHS = NO;
				ASSETCATALOG_COMPILER_GENERATE_SWIFT_ASSET_SYMBOL_EXTENSIONS = YES;
				CLANG_ANALYZER_NONNULL = YES;
				CLANG_ANALYZER_NUMBER_OBJECT_CONVERSION = YES_AGGRESSIVE;
				CLANG_CXX_LANGUAGE_STANDARD = "gnu++20";
				CLANG_ENABLE_MODULES = YES;
				CLANG_ENABLE_OBJC_ARC = YES;
				CLANG_ENABLE_OBJC_WEAK = YES;
				CLANG_WARN_BLOCK_CAPTURE_AUTORELEASING = YES;
				CLANG_WARN_BOOL_CONVERSION = YES;
				CLANG_WARN_COMMA = YES;
				CLANG_WARN_CONSTANT_CONVERSION = YES;
				CLANG_WARN_DEPRECATED_OBJC_IMPLEMENTATIONS = YES;
				CLANG_WARN_DIRECT_OBJC_ISA_USAGE = YES_ERROR;
				CLANG_WARN_DOCUMENTATION_COMMENTS = YES;
				CLANG_WARN_EMPTY_BODY = YES;
				CLANG_WARN_ENUM_CONVERSION = YES;
				CLANG_WARN_INFINITE_RECURSION = YES;
				CLANG_WARN_INT_CONVERSION = YES;
				CLANG_WARN_NON_LITERAL_NULL_CONVERSION = YES;
				CLANG_WARN_OBJC_IMPLICIT_RETAIN_SELF = YES;
				CLANG_WARN_OBJC_LITERAL_CONVERSION = YES;
				CLANG_WARN_OBJC_ROOT_CLASS = YES_ERROR;
				CLANG_WARN_QUOTED_INCLUDE_IN_FRAMEWORK_HEADER = YES;
				CLANG_WARN_RANGE_LOOP_ANALYSIS = YES;
				CLANG_WARN_STRICT_PROTOTYPES = YES;
				CLANG_WARN_SUSPICIOUS_MOVE = YES;
				CLANG_WARN_UNGUARDED_AVAILABILITY = YES_AGGRESSIVE;
				CLANG_WARN_UNREACHABLE_CODE = YES;
				CLANG_WARN__DUPLICATE_METHOD_MATCH = YES;
				COPY_PHASE_STRIP = NO;
				DEBUG_INFORMATION_FORMAT = dwarf;
				DEVELOPMENT_TEAM = D3RM7NYTU5;
				ENABLE_STRICT_OBJC_MSGSEND = YES;
				ENABLE_TESTABILITY = YES;
				ENABLE_USER_SCRIPT_SANDBOXING = YES;
				GCC_C_LANGUAGE_STANDARD = gnu17;
				GCC_DYNAMIC_NO_PIC = NO;
				GCC_NO_COMMON_BLOCKS = YES;
				GCC_OPTIMIZATION_LEVEL = 0;
				GCC_PREPROCESSOR_DEFINITIONS = (
					"DEBUG=1",
					"$(inherited)",
				);
				GCC_WARN_64_TO_32_BIT_CONVERSION = YES;
				GCC_WARN_ABOUT_RETURN_TYPE = YES_ERROR;
				GCC_WARN_UNDECLARED_SELECTOR = YES;
				GCC_WARN_UNINITIALIZED_AUTOS = YES_AGGRESSIVE;
				GCC_WARN_UNUSED_FUNCTION = YES;
				GCC_WARN_UNUSED_VARIABLE = YES;
				LOCALIZATION_PREFERS_STRING_CATALOGS = YES;
				MACOSX_DEPLOYMENT_TARGET = 26.2;
				MTL_ENABLE_DEBUG_INFO = INCLUDE_SOURCE;
				MTL_FAST_MATH = YES;
				ONLY_ACTIVE_ARCH = YES;
				SDKROOT = macosx;
				SWIFT_ACTIVE_COMPILATION_CONDITIONS = "DEBUG $(inherited)";
				SWIFT_OPTIMIZATION_LEVEL = "-Onone";
			};
			name = Debug;
		};
		BB4CCCFD2F2B2A86004CAEE1 /* Release */ = {
			isa = XCBuildConfiguration;
			buildSettings = {
				ALWAYS_SEARCH_USER_PATHS = NO;
				ASSETCATALOG_COMPILER_GENERATE_SWIFT_ASSET_SYMBOL_EXTENSIONS = YES;
				CLANG_ANALYZER_NONNULL = YES;
				CLANG_ANALYZER_NUMBER_OBJECT_CONVERSION = YES_AGGRESSIVE;
				CLANG_CXX_LANGUAGE_STANDARD = "gnu++20";
				CLANG_ENABLE_MODULES = YES;
				CLANG_ENABLE_OBJC_ARC = YES;
				CLANG_ENABLE_OBJC_WEAK = YES;
				CLANG_WARN_BLOCK_CAPTURE_AUTORELEASING = YES;
				CLANG_WARN_BOOL_CONVERSION = YES;
				CLANG_WARN_COMMA = YES;
				CLANG_WARN_CONSTANT_CONVERSION = YES;
				CLANG_WARN_DEPRECATED_OBJC_IMPLEMENTATIONS = YES;
				CLANG_WARN_DIRECT_OBJC_ISA_USAGE = YES_ERROR;
				CLANG_WARN_DOCUMENTATION_COMMENTS = YES;
				CLANG_WARN_EMPTY_BODY = YES;
				CLANG_WARN_ENUM_CONVERSION = YES;
				CLANG_WARN_INFINITE_RECURSION = YES;
				CLANG_WARN_INT_CONVERSION = YES;
				CLANG_WARN_NON_LITERAL_NULL_CONVERSION = YES;
				CLANG_WARN_OBJC_IMPLICIT_RETAIN_SELF = YES;
				CLANG_WARN_OBJC_LITERAL_CONVERSION = YES;
				CLANG_WARN_OBJC_ROOT_CLASS = YES_ERROR;
				CLANG_WARN_QUOTED_INCLUDE_IN_FRAMEWORK_HEADER = YES;
				CLANG_WARN_RANGE_LOOP_ANALYSIS = YES;
				CLANG_WARN_STRICT_PROTOTYPES = YES;
				CLANG_WARN_SUSPICIOUS_MOVE = YES;
				CLANG_WARN_UNGUARDED_AVAILABILITY = YES_AGGRESSIVE;
				CLANG_WARN_UNREACHABLE_CODE = YES;
				CLANG_WARN__DUPLICATE_METHOD_MATCH = YES;
				COPY_PHASE_STRIP = NO;
				DEBUG_INFORMATION_FORMAT = "dwarf-with-dsym";
				DEVELOPMENT_TEAM = D3RM7NYTU5;
				ENABLE_NS_ASSERTIONS = NO;
				ENABLE_STRICT_OBJC_MSGSEND = YES;
				ENABLE_USER_SCRIPT_SANDBOXING = YES;
				GCC_C_LANGUAGE_STANDARD = gnu17;
				GCC_NO_COMMON_BLOCKS = YES;
				GCC_WARN_64_TO_32_BIT_CONVERSION = YES;
				GCC_WARN_ABOUT_RETURN_TYPE = YES_ERROR;
				GCC_WARN_UNDECLARED_SELECTOR = YES;
				GCC_WARN_UNINITIALIZED_AUTOS = YES_AGGRESSIVE;
				GCC_WARN_UNUSED_FUNCTION = YES;
				GCC_WARN_UNUSED_VARIABLE = YES;
				LOCALIZATION_PREFERS_STRING_CATALOGS = YES;
				MACOSX_DEPLOYMENT_TARGET = 26.2;
				MTL_ENABLE_DEBUG_INFO = NO;
				MTL_FAST_MATH = YES;
				SDKROOT = macosx;
				SWIFT_COMPILATION_MODE = wholemodule;
			};
			name = Release;
		};
		BB4CCCFF2F2B2A86004CAEE1 /* Debug */ = {
			isa = XCBuildConfiguration;
			buildSettings = {
				ASSETCATALOG_COMPILER_APPICON_NAME = AppIcon;
				ASSETCATALOG_COMPILER_GLOBAL_ACCENT_COLOR_NAME = AccentColor;
				CODE_SIGN_STYLE = Automatic;
				COMBINE_HIDPI_IMAGES = YES;
				CURRENT_PROJECT_VERSION = 1;
				DEVELOPMENT_TEAM = D3RM7NYTU5;
				ENABLE_APP_SANDBOX = YES;
				ENABLE_HARDENED_RUNTIME = YES;
				ENABLE_PREVIEWS = YES;
				ENABLE_USER_SELECTED_FILES = readonly;
				GENERATE_INFOPLIST_FILE = YES;
				INFOPLIST_KEY_CFBundleDisplayName = Loanfactory;
				INFOPLIST_KEY_NSHumanReadableCopyright = "";
				LD_RUNPATH_SEARCH_PATHS = (
					"$(inherited)",
					"@executable_path/../Frameworks",
				);
				MARKETING_VERSION = 1.0;
				OTHER_LDFLAGS = "-lsqlite3";
				PRODUCT_BUNDLE_IDENTIFIER = "com.dawpham.flash-card";
				PRODUCT_NAME = "$(TARGET_NAME)";
				REGISTER_APP_GROUPS = YES;
				STRING_CATALOG_GENERATE_SYMBOLS = YES;
				SWIFT_APPROACHABLE_CONCURRENCY = YES;
				SWIFT_DEFAULT_ACTOR_ISOLATION = MainActor;
				SWIFT_EMIT_LOC_STRINGS = YES;
				SWIFT_UPCOMING_FEATURE_MEMBER_IMPORT_VISIBILITY = YES;
				SWIFT_VERSION = 5.0;
			};
			name = Debug;
		};
		BB4CCD002F2B2A86004CAEE1 /* Release */ = {
			isa = XCBuildConfiguration;
			buildSettings = {
				ASSETCATALOG_COMPILER_APPICON_NAME = AppIcon;
				ASSETCATALOG_COMPILER_GLOBAL_ACCENT_COLOR_NAME = AccentColor;
				CODE_SIGN_STYLE = Automatic;
				COMBINE_HIDPI_IMAGES = YES;
				CURRENT_PROJECT_VERSION = 1;
				DEVELOPMENT_TEAM = D3RM7NYTU5;
				ENABLE_APP_SANDBOX = YES;
				ENABLE_HARDENED_RUNTIME = YES;
				ENABLE_PREVIEWS = YES;
				ENABLE_USER_SELECTED_FILES = readonly;
				GENERATE_INFOPLIST_FILE = YES;
				INFOPLIST_KEY_CFBundleDisplayName = Loanfactory;
				INFOPLIST_KEY_NSHumanReadableCopyright = "";
				LD_RUNPATH_SEARCH_PATHS = (
					"$(inherited)",
					"@executable_path/../Frameworks",
				);
				MARKETING_VERSION = 1.0;
				OTHER_LDFLAGS = "-lsqlite3";
				PRODUCT_BUNDLE_IDENTIFIER = "com.dawpham.flash-card";
				PRODUCT_NAME = "$(TARGET_NAME)";
				REGISTER_APP_GROUPS = YES;
				STRING_CATALOG_GENERATE_SYMBOLS = YES;
				SWIFT_APPROACHABLE_CONCURRENCY = YES;
				SWIFT_DEFAULT_ACTOR_ISOLATION = MainActor;
				SWIFT_EMIT_LOC_STRINGS = YES;
				SWIFT_UPCOMING_FEATURE_MEMBER_IMPORT_VISIBILITY = YES;
				SWIFT_VERSION = 5.0;
			};
			name = Release;
		};
		BB4CCD022F2B2A86004CAEE1 /* Debug */ = {
			isa = XCBuildConfiguration;
			buildSettings = {
				BUNDLE_LOADER = "$(TEST_HOST)";
				CODE_SIGN_STYLE = Automatic;
				CURRENT_PROJECT_VERSION = 1;
				DEVELOPMENT_TEAM = D3RM7NYTU5;
				GENERATE_INFOPLIST_FILE = YES;
				MACOSX_DEPLOYMENT_TARGET = 26.2;
				MARKETING_VERSION = 1.0;
				PRODUCT_BUNDLE_IDENTIFIER = "com.dawpham.flash-cardTests";
				PRODUCT_NAME = "$(TARGET_NAME)";
				STRING_CATALOG_GENERATE_SYMBOLS = NO;
				SWIFT_APPROACHABLE_CONCURRENCY = YES;
				SWIFT_EMIT_LOC_STRINGS = NO;
				SWIFT_UPCOMING_FEATURE_MEMBER_IMPORT_VISIBILITY = YES;
				SWIFT_VERSION = 5.0;
				TEST_HOST = "$(BUILT_PRODUCTS_DIR)/flash-card.app/$(BUNDLE_EXECUTABLE_FOLDER_PATH)/flash-card";
			};
			name = Debug;
		};
		BB4CCD032F2B2A86004CAEE1 /* Release */ = {
			isa = XCBuildConfiguration;
			buildSettings = {
				BUNDLE_LOADER = "$(TEST_HOST)";
				CODE_SIGN_STYLE = Automatic;
				CURRENT_PROJECT_VERSION = 1;
				DEVELOPMENT_TEAM = D3RM7NYTU5;
				GENERATE_INFOPLIST_FILE = YES;
				MACOSX_DEPLOYMENT_TARGET = 26.2;
				MARKETING_VERSION = 1.0;
				PRODUCT_BUNDLE_IDENTIFIER = "com.dawpham.flash-cardTests";
				PRODUCT_NAME = "$(TARGET_NAME)";
				STRING_CATALOG_GENERATE_SYMBOLS = NO;
				SWIFT_APPROACHABLE_CONCURRENCY = YES;
				SWIFT_EMIT_LOC_STRINGS = NO;
				SWIFT_UPCOMING_FEATURE_MEMBER_IMPORT_VISIBILITY = YES;
				SWIFT_VERSION = 5.0;
				TEST_HOST = "$(BUILT_PRODUCTS_DIR)/flash-card.app/$(BUNDLE_EXECUTABLE_FOLDER_PATH)/flash-card";
			};
			name = Release;
		};
		BB4CCD052F2B2A86004CAEE1 /* Debug */ = {
			isa = XCBuildConfiguration;
			buildSettings = {
				CODE_SIGN_STYLE = Automatic;
				CURRENT_PROJECT_VERSION = 1;
				DEVELOPMENT_TEAM = D3RM7NYTU5;
				GENERATE_INFOPLIST_FILE = YES;
				MARKETING_VERSION = 1.0;
				PRODUCT_BUNDLE_IDENTIFIER = "com.dawpham.flash-cardUITests";
				PRODUCT_NAME = "$(TARGET_NAME)";
				STRING_CATALOG_GENERATE_SYMBOLS = NO;
				SWIFT_APPROACHABLE_CONCURRENCY = YES;
				SWIFT_EMIT_LOC_STRINGS = NO;
				SWIFT_UPCOMING_FEATURE_MEMBER_IMPORT_VISIBILITY = YES;
				SWIFT_VERSION = 5.0;
				TEST_TARGET_NAME = "flash-card";
			};
			name = Debug;
		};
		BB4CCD062F2B2A86004CAEE1 /* Release */ = {
			isa = XCBuildConfiguration;
			buildSettings = {
				CODE_SIGN_STYLE = Automatic;
				CURRENT_PROJECT_VERSION = 1;
				DEVELOPMENT_TEAM = D3RM7NYTU5;
				GENERATE_INFOPLIST_FILE = YES;
				MARKETING_VERSION = 1.0;
				PRODUCT_BUNDLE_IDENTIFIER = "com.dawpham.flash-cardUITests";
				PRODUCT_NAME = "$(TARGET_NAME)";
				STRING_CATALOG_GENERATE_SYMBOLS = NO;
				SWIFT_APPROACHABLE_CONCURRENCY = YES;
				SWIFT_EMIT_LOC_STRINGS = NO;
				SWIFT_UPCOMING_FEATURE_MEMBER_IMPORT_VISIBILITY = YES;
				SWIFT_VERSION = 5.0;
				TEST_TARGET_NAME = "flash-card";
			};
			name = Release;
		};
/* End XCBuildConfiguration section */

/* Begin XCConfigurationList section */
		BB4CCCD82F2B2A85004CAEE1 /* Build configuration list for PBXProject "flash-card" */ = {
			isa = XCConfigurationList;
			buildConfigurations = (
				BB4CCCFC2F2B2A86004CAEE1 /* Debug */,
				BB4CCCFD2F2B2A86004CAEE1 /* Release */,
			);
			defaultConfigurationIsVisible = 0;
			defaultConfigurationName = Release;
		};
		BB4CCCFE2F2B2A86004CAEE1 /* Build configuration list for PBXNativeTarget "flash-card" */ = {
			isa = XCConfigurationList;
			buildConfigurations = (
				BB4CCCFF2F2B2A86004CAEE1 /* Debug */,
				BB4CCD002F2B2A86004CAEE1 /* Release */,
			);
			defaultConfigurationIsVisible = 0;
			defaultConfigurationName = Release;
		};
		BB4CCD012F2B2A86004CAEE1 /* Build configuration list for PBXNativeTarget "flash-cardTests" */ = {
			isa = XCConfigurationList;
			buildConfigurations = (
				BB4CCD022F2B2A86004CAEE1 /* Debug */,
				BB4CCD032F2B2A86004CAEE1 /* Release */,
			);
			defaultConfigurationIsVisible = 0;
			defaultConfigurationName = Release;
		};
		BB4CCD042F2B2A86004CAEE1 /* Build configuration list for PBXNativeTarget "flash-cardUITests" */ = {
			isa = XCConfigurationList;
			buildConfigurations = (
				BB4CCD052F2B2A86004CAEE1 /* Debug */,
				BB4CCD062F2B2A86004CAEE1 /* Release */,
			);
			defaultConfigurationIsVisible = 0;
			defaultConfigurationName = Release;
		};
/* End XCConfigurationList section */
	};
	rootObject = BB4CCCD52F2B2A85004CAEE1 /* Project object */;
}
